Microsoft Visual Studio Solution File, Format Version 12.00
# Visual Studio 2012
Project("{FAE04EC0-301F-11D3-BF4B-00C04F79EFBC}") = "together", "together.csproj", "{04CF7B4A-5314-47D7-83BF-9BB7576305EC}"
EndProject
Global
	GlobalSection(SolutionConfigurationPlatforms) = preSolution
	Debug|Any CPU = Debug|Any CPU
	ExportDebug|Any CPU = ExportDebug|Any CPU
	ExportRelease|Any CPU = ExportRelease|Any CPU
	EndGlobalSection
	GlobalSection(ProjectConfigurationPlatforms) = postSolution
		{04CF7B4A-5314-47D7-83BF-9BB7576305EC}.Debug|Any CPU.ActiveCfg = Debug|Any CPU
		{04CF7B4A-5314-47D7-83BF-9BB7576305EC}.Debug|Any CPU.Build.0 = Debug|Any CPU
		{04CF7B4A-5314-47D7-83BF-9BB7576305EC}.ExportDebug|Any CPU.ActiveCfg = ExportDebug|Any CPU
		{04CF7B4A-5314-47D7-83BF-9BB7576305EC}.ExportDebug|Any CPU.Build.0 = ExportDebug|Any CPU
		{04CF7B4A-5314-47D7-83BF-9BB7576305EC}.ExportRelease|Any CPU.ActiveCfg = ExportRelease|Any CPU
		{04CF7B4A-5314-47D7-83BF-9BB7576305EC}.ExportRelease|Any CPU.Build.0 = ExportRelease|Any CPU
	EndGlobalSection
EndGlobal
